
Microsoft Visual Studio Solution File, Format Version 12.00
# Visual Studio Version 16
VisualStudioVersion = 16.0.31605.320
MinimumVisualStudioVersion = 10.0.40219.1
Project("{FAE04EC0-301F-11D3-BF4B-00C04F79EFBC}") = "BigCart.Android", "BigCart.Android\BigCart.Android.csproj", "{53115807-F276-445D-AB2B-844089D80C74}"
EndProject
Project("{FAE04EC0-301F-11D3-BF4B-00C04F79EFBC}") = "BigCart.iOS", "BigCart.iOS\BigCart.iOS.csproj", "{3AB0CBBA-4EE9-4227-883D-107EEDED5993}"
EndProject
Project("{FAE04EC0-301F-11D3-BF4B-00C04F79EFBC}") = "BigCart", "BigCart\BigCart.csproj", "{E1C37C88-852B-4878-9034-7B22888C18F0}"
EndProject
Global
	GlobalSection(SolutionConfigurationPlatforms) = preSolution
		Debug|Any CPU = Debug|Any CPU
		Debug|iPhone = Debug|iPhone
		Debug|iPhoneSimulator = Debug|iPhoneSimulator
		Release|Any CPU = Release|Any CPU
		Release|iPhone = Release|iPhone
		Release|iPhoneSimulator = Release|iPhoneSimulator
	EndGlobalSection
	GlobalSection(ProjectConfigurationPlatforms) = postSolution
		{53115807-F276-445D-AB2B-844089D80C74}.Debug|Any CPU.ActiveCfg = Debug|Any CPU
		{53115807-F276-445D-AB2B-844089D80C74}.Debug|Any CPU.Build.0 = Debug|Any CPU
		{53115807-F276-445D-AB2B-844089D80C74}.Debug|Any CPU.Deploy.0 = Debug|Any CPU
		{53115807-F276-445D-AB2B-844089D80C74}.Debug|iPhone.ActiveCfg = Debug|Any CPU
		{53115807-F276-445D-AB2B-844089D80C74}.Debug|iPhone.Build.0 = Debug|Any CPU
		{53115807-F276-445D-AB2B-844089D80C74}.Debug|iPhone.Deploy.0 = Debug|Any CPU
		{53115807-F276-445D-AB2B-844089D80C74}.Debug|iPhoneSimulator.ActiveCfg = Debug|Any CPU
		{53115807-F276-445D-AB2B-844089D80C74}.Debug|iPhoneSimulator.Build.0 = Debug|Any CPU
		{53115807-F276-445D-AB2B-844089D80C74}.Debug|iPhoneSimulator.Deploy.0 = Debug|Any CPU
		{53115807-F276-445D-AB2B-844089D80C74}.Release|Any CPU.ActiveCfg = Release|Any CPU
		{53115807-F276-445D-AB2B-844089D80C74}.Release|Any CPU.Build.0 = Release|Any CPU
		{53115807-F276-445D-AB2B-844089D80C74}.Release|Any CPU.Deploy.0 = Release|Any CPU
		{53115807-F276-445D-AB2B-844089D80C74}.Release|iPhone.ActiveCfg = Release|Any CPU
		{53115807-F276-445D-AB2B-844089D80C74}.Release|iPhone.Build.0 = Release|Any CPU
		{53115807-F276-445D-AB2B-844089D80C74}.Release|iPhone.Deploy.0 = Release|Any CPU
		{53115807-F276-445D-AB2B-844089D80C74}.Release|iPhoneSimulator.ActiveCfg = Release|Any CPU
		{53115807-F276-445D-AB2B-844089D80C74}.Release|iPhoneSimulator.Build.0 = Release|Any CPU
		{53115807-F276-445D-AB2B-844089D80C74}.Release|iPhoneSimulator.Deploy.0 = Release|Any CPU
		{3AB0CBBA-4EE9-4227-883D-107EEDED5993}.Debug|Any CPU.ActiveCfg = Debug|iPhone
		{3AB0CBBA-4EE9-4227-883D-107EEDED5993}.Debug|Any CPU.Build.0 = Debug|iPhone
		{3AB0CBBA-4EE9-4227-883D-107EEDED5993}.Debug|Any CPU.Deploy.0 = Debug|iPhone
		{3AB0CBBA-4EE9-4227-883D-107EEDED5993}.Debug|iPhone.ActiveCfg = Debug|iPhone
		{3AB0CBBA-4EE9-4227-883D-107EEDED5993}.Debug|iPhone.Build.0 = Debug|iPhone
		{3AB0CBBA-4EE9-4227-883D-107EEDED5993}.Debug|iPhone.Deploy.0 = Debug|iPhone
		{3AB0CBBA-4EE9-4227-883D-107EEDED5993}.Debug|iPhoneSimulator.ActiveCfg = Debug|iPhoneSimulator
		{3AB0CBBA-4EE9-4227-883D-107EEDED5993}.Debug|iPhoneSimulator.Build.0 = Debug|iPhoneSimulator
		{3AB0CBBA-4EE9-4227-883D-107EEDED5993}.Debug|iPhoneSimulator.Deploy.0 = Debug|iPhoneSimulator
		{3AB0CBBA-4EE9-4227-883D-107EEDED5993}.Release|Any CPU.ActiveCfg = Release|iPhoneSimulator
		{3AB0CBBA-4EE9-4227-883D-107EEDED5993}.Release|Any CPU.Build.0 = Release|iPhoneSimulator
		{3AB0CBBA-4EE9-4227-883D-107EEDED5993}.Release|Any CPU.Deploy.0 = Release|iPhoneSimulator
		{3AB0CBBA-4EE9-4227-883D-107EEDED5993}.Release|iPhone.ActiveCfg = Release|iPhone
		{3AB0CBBA-4EE9-4227-883D-107EEDED5993}.Release|iPhone.Build.0 = Release|iPhone
		{3AB0CBBA-4EE9-4227-883D-107EEDED5993}.Release|iPhone.Deploy.0 = Release|iPhone
		{3AB0CBBA-4EE9-4227-883D-107EEDED5993}.Release|iPhoneSimulator.ActiveCfg = Release|iPhoneSimulator
		{3AB0CBBA-4EE9-4227-883D-107EEDED5993}.Release|iPhoneSimulator.Build.0 = Release|iPhoneSimulator
		{3AB0CBBA-4EE9-4227-883D-107EEDED5993}.Release|iPhoneSimulator.Deploy.0 = Release|iPhoneSimulator
		{E1C37C88-852B-4878-9034-7B22888C18F0}.Debug|Any CPU.ActiveCfg = Debug|Any CPU
		{E1C37C88-852B-4878-9034-7B22888C18F0}.Debug|Any CPU.Build.0 = Debug|Any CPU
		{E1C37C88-852B-4878-9034-7B22888C18F0}.Debug|Any CPU.Deploy.0 = Debug|Any CPU
		{E1C37C88-852B-4878-9034-7B22888C18F0}.Debug|iPhone.ActiveCfg = Debug|Any CPU
		{E1C37C88-852B-4878-9034-7B22888C18F0}.Debug|iPhone.Build.0 = Debug|Any CPU
		{E1C37C88-852B-4878-9034-7B22888C18F0}.Debug|iPhone.Deploy.0 = Debug|Any CPU
		{E1C37C88-852B-4878-9034-7B22888C18F0}.Debug|iPhoneSimulator.ActiveCfg = Debug|Any CPU
		{E1C37C88-852B-4878-9034-7B22888C18F0}.Debug|iPhoneSimulator.Build.0 = Debug|Any CPU
		{E1C37C88-852B-4878-9034-7B22888C18F0}.Debug|iPhoneSimulator.Deploy.0 = Debug|Any CPU
		{E1C37C88-852B-4878-9034-7B22888C18F0}.Release|Any CPU.ActiveCfg = Release|Any CPU
		{E1C37C88-852B-4878-9034-7B22888C18F0}.Release|Any CPU.Build.0 = Release|Any CPU
		{E1C37C88-852B-4878-9034-7B22888C18F0}.Release|Any CPU.Deploy.0 = Release|Any CPU
		{E1C37C88-852B-4878-9034-7B22888C18F0}.Release|iPhone.ActiveCfg = Release|Any CPU
		{E1C37C88-852B-4878-9034-7B22888C18F0}.Release|iPhone.Build.0 = Release|Any CPU
		{E1C37C88-852B-4878-9034-7B22888C18F0}.Release|iPhone.Deploy.0 = Release|Any CPU
		{E1C37C88-852B-4878-9034-7B22888C18F0}.Release|iPhoneSimulator.ActiveCfg = Release|Any CPU
		{E1C37C88-852B-4878-9034-7B22888C18F0}.Release|iPhoneSimulator.Build.0 = Release|Any CPU
		{E1C37C88-852B-4878-9034-7B22888C18F0}.Release|iPhoneSimulator.Deploy.0 = Release|Any CPU
	EndGlobalSection
	GlobalSection(SolutionProperties) = preSolution
		HideSolutionNode = FALSE
	EndGlobalSection
	GlobalSection(ExtensibilityGlobals) = postSolution
		SolutionGuid = {2973D449-A36B-4158-A607-56A6CA68F76C}
	EndGlobalSection
EndGlobal
